// !$*UTF8*$!
{
	archiveVersion = 1;
	classes = {
	};
	objectVersion = 56;
	objects = {

/* Begin PBXBuildFile section */
		6C8E2FB1294898E4003A32B2 /* smoke.sks in Resources */ = {isa = PBXBuildFile; fileRef = 6C8E2FB0294898E4003A32B2 /* smoke.sks */; };
		6C8E2FB3294899F5003A32B2 /* spark.sks in Resources */ = {isa = PBXBuildFile; fileRef = 6C8E2FB2294899F5003A32B2 /* spark.sks */; };
		6C8E2FB62948A147003A32B2 /* whackBad.caf in Resources */ = {isa = PBXBuildFile; fileRef = 6C8E2FB52948A0F9003A32B2 /* whackBad.caf */; };
		6C8E2FB72948A149003A32B2 /* whack.caf in Resources */ = {isa = PBXBuildFile; fileRef = 6C8E2FB42948A0F9003A32B2 /* whack.caf */; };
		6C8E2FBC2948A4DF003A32B2 /* IMG_0238.png in Resources */ = {isa = PBXBuildFile; fileRef = 6C8E2FBA2948A4DF003A32B2 /* IMG_0238.png */; };
		6C8E2FBE2948A514003A32B2 /* IMG_0237.png in Resources */ = {isa = PBXBuildFile; fileRef = 6C8E2FBD2948A514003A32B2 /* IMG_0237.png */; };
		6CC49AEA2945D896008E5890 /* AppDelegate.swift in Sources */ = {isa = PBXBuildFile; fileRef = 6CC49AE92945D896008E5890 /* AppDelegate.swift */; };
		6CC49AEC2945D896008E5890 /* GameScene.sks in Resources */ = {isa = PBXBuildFile; fileRef = 6CC49AEB2945D896008E5890 /* GameScene.sks */; };
		6CC49AF02945D896008E5890 /* GameScene.swift in Sources */ = {isa = PBXBuildFile; fileRef = 6CC49AEF2945D896008E5890 /* GameScene.swift */; };
		6CC49AF22945D896008E5890 /* GameViewController.swift in Sources */ = {isa = PBXBuildFile; fileRef = 6CC49AF12945D896008E5890 /* GameViewController.swift */; };
		6CC49AF52945D896008E5890 /* Main.storyboard in Resources */ = {isa = PBXBuildFile; fileRef = 6CC49AF32945D896008E5890 /* Main.storyboard */; };
		6CC49AF72945D898008E5890 /* Assets.xcassets in Resources */ = {isa = PBXBuildFile; fileRef = 6CC49AF62945D898008E5890 /* Assets.xcassets */; };
		6CC49AFA2945D898008E5890 /* LaunchScreen.storyboard in Resources */ = {isa = PBXBuildFile; fileRef = 6CC49AF82945D898008E5890 /* LaunchScreen.storyboard */; };
		6CC49B052945E24A008E5890 /* WhackSlot.swift in Sources */ = {isa = PBXBuildFile; fileRef = 6CC49B042945E24A008E5890 /* WhackSlot.swift */; };
/* End PBXBuildFile section */

/* Begin PBXFileReference section */
		6C8E2FB0294898E4003A32B2 /* smoke.sks */ = {isa = PBXFileReference; lastKnownFileType = file.sks; path = smoke.sks; sourceTree = "<group>"; };
		6C8E2FB2294899F5003A32B2 /* spark.sks */ = {isa = PBXFileReference; lastKnownFileType = file.sks; path = spark.sks; sourceTree = "<group>"; };
		6C8E2FB42948A0F9003A32B2 /* whack.caf */ = {isa = PBXFileReference; lastKnownFileType = file; path = whack.caf; sourceTree = "<group>"; };
		6C8E2FB52948A0F9003A32B2 /* whackBad.caf */ = {isa = PBXFileReference; lastKnownFileType = file; path = whackBad.caf; sourceTree = "<group>"; };
		6C8E2FBA2948A4DF003A32B2 /* IMG_0238.png */ = {isa = PBXFileReference; lastKnownFileType = image.png; path = IMG_0238.png; sourceTree = "<group>"; };
		6C8E2FBD2948A514003A32B2 /* IMG_0237.png */ = {isa = PBXFileReference; lastKnownFileType = image.png; name = IMG_0237.png; path = ../../../../../../../../Downloads/IMG_0237.png; sourceTree = "<group>"; };
		6CC49AE62945D896008E5890 /* Project14_whack-a-penguin.app */ = {isa = PBXFileReference; explicitFileType = wrapper.application; includeInIndex = 0; path = "Project14_whack-a-penguin.app"; sourceTree = BUILT_PRODUCTS_DIR; };
		6CC49AE92945D896008E5890 /* AppDelegate.swift */ = {isa = PBXFileReference; lastKnownFileType = sourcecode.swift; path = AppDelegate.swift; sourceTree = "<group>"; };
		6CC49AEB2945D896008E5890 /* GameScene.sks */ = {isa = PBXFileReference; lastKnownFileType = file.sks; path = GameScene.sks; sourceTree = "<group>"; };
		6CC49AEF2945D896008E5890 /* GameScene.swift */ = {isa = PBXFileReference; lastKnownFileType = sourcecode.swift; path = GameScene.swift; sourceTree = "<group>"; };
		6CC49AF12945D896008E5890 /* GameViewController.swift */ = {isa = PBXFileReference; lastKnownFileType = sourcecode.swift; path = GameViewController.swift; sourceTree = "<group>"; };
		6CC49AF42945D896008E5890 /* Base */ = {isa = PBXFileReference; lastKnownFileType = file.storyboard; name = Base; path = Base.lproj/Main.storyboard; sourceTree = "<group>"; };
		6CC49AF62945D898008E5890 /* Assets.xcassets */ = {isa = PBXFileReference; lastKnownFileType = folder.assetcatalog; path = Assets.xcassets; sourceTree = "<group>"; };
		6CC49AF92945D898008E5890 /* Base */ = {isa = PBXFileReference; lastKnownFileType = file.storyboard; name = Base; path = Base.lproj/LaunchScreen.storyboard; sourceTree = "<group>"; };
		6CC49B042945E24A008E5890 /* WhackSlot.swift */ = {isa = PBXFileReference; lastKnownFileType = sourcecode.swift; path = WhackSlot.swift; sourceTree = "<group>"; };
/* End PBXFileReference section */

/* Begin PBXFrameworksBuildPhase section */
		6CC49AE32945D896008E5890 /* Frameworks */ = {
			isa = PBXFrameworksBuildPhase;
			buildActionMask = 2147483647;
			files = (
			);
			runOnlyForDeploymentPostprocessing = 0;
		};
/* End PBXFrameworksBuildPhase section */

/* Begin PBXGroup section */
		6C8E2FB82948A47D003A32B2 /* screenshots */ = {
			isa = PBXGroup;
			children = (
				6C8E2FBD2948A514003A32B2 /* IMG_0237.png */,
				6C8E2FBA2948A4DF003A32B2 /* IMG_0238.png */,
			);
			path = screenshots;
			sourceTree = "<group>";
		};
		6CC49ADD2945D896008E5890 = {
			isa = PBXGroup;
			children = (
				6CC49AE82945D896008E5890 /* Project14_whack-a-penguin */,
				6CC49AE72945D896008E5890 /* Products */,
			);
			sourceTree = "<group>";
		};
		6CC49AE72945D896008E5890 /* Products */ = {
			isa = PBXGroup;
			children = (
				6CC49AE62945D896008E5890 /* Project14_whack-a-penguin.app */,
			);
			name = Products;
			sourceTree = "<group>";
		};
		6CC49AE82945D896008E5890 /* Project14_whack-a-penguin */ = {
			isa = PBXGroup;
			children = (
				6C8E2FB82948A47D003A32B2 /* screenshots */,
				6CC49AE92945D896008E5890 /* AppDelegate.swift */,
				6CC49AEB2945D896008E5890 /* GameScene.sks */,
				6CC49B042945E24A008E5890 /* WhackSlot.swift */,
				6CC49AEF2945D896008E5890 /* GameScene.swift */,
				6C8E2FB0294898E4003A32B2 /* smoke.sks */,
				6C8E2FB2294899F5003A32B2 /* spark.sks */,
				6CC49AF12945D896008E5890 /* GameViewController.swift */,
				6CC49AF32945D896008E5890 /* Main.storyboard */,
				6CC49AF62945D898008E5890 /* Assets.xcassets */,
				6CC49AF82945D898008E5890 /* LaunchScreen.storyboard */,
				6C8E2FB42948A0F9003A32B2 /* whack.caf */,
				6C8E2FB52948A0F9003A32B2 /* whackBad.caf */,
			);
			path = "Project14_whack-a-penguin";
			sourceTree = "<group>";
		};
/* End PBXGroup section */

/* Begin PBXNativeTarget section */
		6CC49AE52945D896008E5890 /* Project14_whack-a-penguin */ = {
			isa = PBXNativeTarget;
			buildConfigurationList = 6CC49AFD2945D898008E5890 /* Build configuration list for PBXNativeTarget "Project14_whack-a-penguin" */;
			buildPhases = (
				6CC49AE22945D896008E5890 /* Sources */,
				6CC49AE32945D896008E5890 /* Frameworks */,
				6CC49AE42945D896008E5890 /* Resources */,
			);
			buildRules = (
			);
			dependencies = (
			);
			name = "Project14_whack-a-penguin";
			productName = "Project14_whack-a-penguin";
			productReference = 6CC49AE62945D896008E5890 /* Project14_whack-a-penguin.app */;
			productType = "com.apple.product-type.application";
		};
/* End PBXNativeTarget section */

/* Begin PBXProject section */
		6CC49ADE2945D896008E5890 /* Project object */ = {
			isa = PBXProject;
			attributes = {
				BuildIndependentTargetsInParallel = 1;
				LastSwiftUpdateCheck = 1410;
				LastUpgradeCheck = 1410;
				TargetAttributes = {
					6CC49AE52945D896008E5890 = {
						CreatedOnToolsVersion = 14.1;
					};
				};
			};
			buildConfigurationList = 6CC49AE12945D896008E5890 /* Build configuration list for PBXProject "Project14_whack-a-penguin" */;
			compatibilityVersion = "Xcode 14.0";
			developmentRegion = en;
			hasScannedForEncodings = 0;
			knownRegions = (
				en,
				Base,
			);
			mainGroup = 6CC49ADD2945D896008E5890;
			productRefGroup = 6CC49AE72945D896008E5890 /* Products */;
			projectDirPath = "";
			projectRoot = "";
			targets = (
				6CC49AE52945D896008E5890 /* Project14_whack-a-penguin */,
			);
		};
/* End PBXProject section */

/* Begin PBXResourcesBuildPhase section */
		6CC49AE42945D896008E5890 /* Resources */ = {
			isa = PBXResourcesBuildPhase;
			buildActionMask = 2147483647;
			files = (
				6CC49AF52945D896008E5890 /* Main.storyboard in Resources */,
				6C8E2FB3294899F5003A32B2 /* spark.sks in Resources */,
				6C8E2FB1294898E4003A32B2 /* smoke.sks in Resources */,
				6CC49AEC2945D896008E5890 /* GameScene.sks in Resources */,
				6CC49AF72945D898008E5890 /* Assets.xcassets in Resources */,
				6C8E2FBC2948A4DF003A32B2 /* IMG_0238.png in Resources */,
				6CC49AFA2945D898008E5890 /* LaunchScreen.storyboard in Resources */,
				6C8E2FB62948A147003A32B2 /* whackBad.caf in Resources */,
				6C8E2FBE2948A514003A32B2 /* IMG_0237.png in Resources */,
				6C8E2FB72948A149003A32B2 /* whack.caf in Resources */,
			);
			runOnlyForDeploymentPostprocessing = 0;
		};
/* End PBXResourcesBuildPhase section */

/* Begin PBXSourcesBuildPhase section */
		6CC49AE22945D896008E5890 /* Sources */ = {
			isa = PBXSourcesBuildPhase;
			buildActionMask = 2147483647;
			files = (
				6CC49AF02945D896008E5890 /* GameScene.swift in Sources */,
				6CC49B052945E24A008E5890 /* WhackSlot.swift in Sources */,
				6CC49AF22945D896008E5890 /* GameViewController.swift in Sources */,
				6CC49AEA2945D896008E5890 /* AppDelegate.swift in Sources */,
			);
			runOnlyForDeploymentPostprocessing = 0;
		};
/* End PBXSourcesBuildPhase section */

/* Begin PBXVariantGroup section */
		6CC49AF32945D896008E5890 /* Main.storyboard */ = {
			isa = PBXVariantGroup;
			children = (
				6CC49AF42945D896008E5890 /* Base */,
			);
			name = Main.storyboard;
			sourceTree = "<group>";
		};
		6CC49AF82945D898008E5890 /* LaunchScreen.storyboard */ = {
			isa = PBXVariantGroup;
			children = (
				6CC49AF92945D898008E5890 /* Base */,
			);
			name = LaunchScreen.storyboard;
			sourceTree = "<group>";
		};
/* End PBXVariantGroup section */

/* Begin XCBuildConfiguration section */
		6CC49AFB2945D898008E5890 /* Debug */ = {
			isa = XCBuildConfiguration;
			buildSettings = {
				ALWAYS_SEARCH_USER_PATHS = NO;
				CLANG_ANALYZER_NONNULL = YES;
				CLANG_ANALYZER_NUMBER_OBJECT_CONVERSION = YES_AGGRESSIVE;
				CLANG_CXX_LANGUAGE_STANDARD = "gnu++20";
				CLANG_ENABLE_MODULES = YES;
				CLANG_ENABLE_OBJC_ARC = YES;
				CLANG_ENABLE_OBJC_WEAK = YES;
				CLANG_WARN_BLOCK_CAPTURE_AUTORELEASING = YES;
				CLANG_WARN_BOOL_CONVERSION = YES;
				CLANG_WARN_COMMA = YES;
				CLANG_WARN_CONSTANT_CONVERSION = YES;
				CLANG_WARN_DEPRECATED_OBJC_IMPLEMENTATIONS = YES;
				CLANG_WARN_DIRECT_OBJC_ISA_USAGE = YES_ERROR;
				CLANG_WARN_DOCUMENTATION_COMMENTS = YES;
				CLANG_WARN_EMPTY_BODY = YES;
				CLANG_WARN_ENUM_CONVERSION = YES;
				CLANG_WARN_INFINITE_RECURSION = YES;
				CLANG_WARN_INT_CONVERSION = YES;
				CLANG_WARN_NON_LITERAL_NULL_CONVERSION = YES;
				CLANG_WARN_OBJC_IMPLICIT_RETAIN_SELF = YES;
				CLANG_WARN_OBJC_LITERAL_CONVERSION = YES;
				CLANG_WARN_OBJC_ROOT_CLASS = YES_ERROR;
				CLANG_WARN_QUOTED_INCLUDE_IN_FRAMEWORK_HEADER = YES;
				CLANG_WARN_RANGE_LOOP_ANALYSIS = YES;
				CLANG_WARN_STRICT_PROTOTYPES = YES;
				CLANG_WARN_SUSPICIOUS_MOVE = YES;
				CLANG_WARN_UNGUARDED_AVAILABILITY = YES_AGGRESSIVE;
				CLANG_WARN_UNREACHABLE_CODE = YES;
				CLANG_WARN__DUPLICATE_METHOD_MATCH = YES;
				COPY_PHASE_STRIP = NO;
				DEBUG_INFORMATION_FORMAT = dwarf;
				ENABLE_STRICT_OBJC_MSGSEND = YES;
				ENABLE_TESTABILITY = YES;
				GCC_C_LANGUAGE_STANDARD = gnu11;
				GCC_DYNAMIC_NO_PIC = NO;
				GCC_NO_COMMON_BLOCKS = YES;
				GCC_OPTIMIZATION_LEVEL = 0;
				GCC_PREPROCESSOR_DEFINITIONS = (
					"DEBUG=1",
					"$(inherited)",
				);
				GCC_WARN_64_TO_32_BIT_CONVERSION = YES;
				GCC_WARN_ABOUT_RETURN_TYPE = YES_ERROR;
				GCC_WARN_UNDECLARED_SELECTOR = YES;
				GCC_WARN_UNINITIALIZED_AUTOS = YES_AGGRESSIVE;
				GCC_WARN_UNUSED_FUNCTION = YES;
				GCC_WARN_UNUSED_VARIABLE = YES;
				IPHONEOS_DEPLOYMENT_TARGET = 16.1;
				MTL_ENABLE_DEBUG_INFO = INCLUDE_SOURCE;
				MTL_FAST_MATH = YES;
				ONLY_ACTIVE_ARCH = YES;
				SDKROOT = iphoneos;
				SWIFT_ACTIVE_COMPILATION_CONDITIONS = DEBUG;
				SWIFT_OPTIMIZATION_LEVEL = "-Onone";
			};
			name = Debug;
		};
		6CC49AFC2945D898008E5890 /* Release */ = {
			isa = XCBuildConfiguration;
			buildSettings = {
				ALWAYS_SEARCH_USER_PATHS = NO;
				CLANG_ANALYZER_NONNULL = YES;
				CLANG_ANALYZER_NUMBER_OBJECT_CONVERSION = YES_AGGRESSIVE;
				CLANG_CXX_LANGUAGE_STANDARD = "gnu++20";
				CLANG_ENABLE_MODULES = YES;
				CLANG_ENABLE_OBJC_ARC = YES;
				CLANG_ENABLE_OBJC_WEAK = YES;
				CLANG_WARN_BLOCK_CAPTURE_AUTORELEASING = YES;
				CLANG_WARN_BOOL_CONVERSION = YES;
				CLANG_WARN_COMMA = YES;
				CLANG_WARN_CONSTANT_CONVERSION = YES;
				CLANG_WARN_DEPRECATED_OBJC_IMPLEMENTATIONS = YES;
				CLANG_WARN_DIRECT_OBJC_ISA_USAGE = YES_ERROR;
				CLANG_WARN_DOCUMENTATION_COMMENTS = YES;
				CLANG_WARN_EMPTY_BODY = YES;
				CLANG_WARN_ENUM_CONVERSION = YES;
				CLANG_WARN_INFINITE_RECURSION = YES;
				CLANG_WARN_INT_CONVERSION = YES;
				CLANG_WARN_NON_LITERAL_NULL_CONVERSION = YES;
				CLANG_WARN_OBJC_IMPLICIT_RETAIN_SELF = YES;
				CLANG_WARN_OBJC_LITERAL_CONVERSION = YES;
				CLANG_WARN_OBJC_ROOT_CLASS = YES_ERROR;
				CLANG_WARN_QUOTED_INCLUDE_IN_FRAMEWORK_HEADER = YES;
				CLANG_WARN_RANGE_LOOP_ANALYSIS = YES;
				CLANG_WARN_STRICT_PROTOTYPES = YES;
				CLANG_WARN_SUSPICIOUS_MOVE = YES;
				CLANG_WARN_UNGUARDED_AVAILABILITY = YES_AGGRESSIVE;
				CLANG_WARN_UNREACHABLE_CODE = YES;
				CLANG_WARN__DUPLICATE_METHOD_MATCH = YES;
				COPY_PHASE_STRIP = NO;
				DEBUG_INFORMATION_FORMAT = "dwarf-with-dsym";
				ENABLE_NS_ASSERTIONS = NO;
				ENABLE_STRICT_OBJC_MSGSEND = YES;
				GCC_C_LANGUAGE_STANDARD = gnu11;
				GCC_NO_COMMON_BLOCKS = YES;
				GCC_WARN_64_TO_32_BIT_CONVERSION = YES;
				GCC_WARN_ABOUT_RETURN_TYPE = YES_ERROR;
				GCC_WARN_UNDECLARED_SELECTOR = YES;
				GCC_WARN_UNINITIALIZED_AUTOS = YES_AGGRESSIVE;
				GCC_WARN_UNUSED_FUNCTION = YES;
				GCC_WARN_UNUSED_VARIABLE = YES;
				IPHONEOS_DEPLOYMENT_TARGET = 16.1;
				MTL_ENABLE_DEBUG_INFO = NO;
				MTL_FAST_MATH = YES;
				SDKROOT = iphoneos;
				SWIFT_COMPILATION_MODE = wholemodule;
				SWIFT_OPTIMIZATION_LEVEL = "-O";
				VALIDATE_PRODUCT = YES;
			};
			name = Release;
		};
		6CC49AFE2945D898008E5890 /* Debug */ = {
			isa = XCBuildConfiguration;
			buildSettings = {
				ASSETCATALOG_COMPILER_APPICON_NAME = AppIcon;
				ASSETCATALOG_COMPILER_GLOBAL_ACCENT_COLOR_NAME = AccentColor;
				CODE_SIGN_STYLE = Automatic;
				CURRENT_PROJECT_VERSION = 1;
				DEVELOPMENT_TEAM = S9R6HFZ747;
				GENERATE_INFOPLIST_FILE = YES;
				INFOPLIST_KEY_UIApplicationSupportsIndirectInputEvents = YES;
				INFOPLIST_KEY_UILaunchStoryboardName = LaunchScreen;
				INFOPLIST_KEY_UIMainStoryboardFile = Main;
				INFOPLIST_KEY_UIStatusBarHidden = YES;
				INFOPLIST_KEY_UISupportedInterfaceOrientations = "UIInterfaceOrientationLandscapeLeft UIInterfaceOrientationLandscapeRight UIInterfaceOrientationPortrait";
				INFOPLIST_KEY_UISupportedInterfaceOrientations_iPad = "UIInterfaceOrientationLandscapeLeft UIInterfaceOrientationLandscapeRight";
				LD_RUNPATH_SEARCH_PATHS = (
					"$(inherited)",
					"@executable_path/Frameworks",
				);
				MARKETING_VERSION = 1.0;
				PRODUCT_BUNDLE_IDENTIFIER = "com.jobie.Project14-whack-a-penguin";
				PRODUCT_NAME = "$(TARGET_NAME)";
				SWIFT_EMIT_LOC_STRINGS = YES;
				SWIFT_VERSION = 5.0;
				TARGETED_DEVICE_FAMILY = 2;
			};
			name = Debug;
		};
		6CC49AFF2945D898008E5890 /* Release */ = {
			isa = XCBuildConfiguration;
			buildSettings = {
				ASSETCATALOG_COMPILER_APPICON_NAME = AppIcon;
				ASSETCATALOG_COMPILER_GLOBAL_ACCENT_COLOR_NAME = AccentColor;
				CODE_SIGN_STYLE = Automatic;
				CURRENT_PROJECT_VERSION = 1;
				DEVELOPMENT_TEAM = S9R6HFZ747;
				GENERATE_INFOPLIST_FILE = YES;
				INFOPLIST_KEY_UIApplicationSupportsIndirectInputEvents = YES;
				INFOPLIST_KEY_UILaunchStoryboardName = LaunchScreen;
				INFOPLIST_KEY_UIMainStoryboardFile = Main;
				INFOPLIST_KEY_UIStatusBarHidden = YES;
				INFOPLIST_KEY_UISupportedInterfaceOrientations = "UIInterfaceOrientationLandscapeLeft UIInterfaceOrientationLandscapeRight UIInterfaceOrientationPortrait";
				INFOPLIST_KEY_UISupportedInterfaceOrientations_iPad = "UIInterfaceOrientationLandscapeLeft UIInterfaceOrientationLandscapeRight";
				LD_RUNPATH_SEARCH_PATHS = (
					"$(inherited)",
					"@executable_path/Frameworks",
				);
				MARKETING_VERSION = 1.0;
				PRODUCT_BUNDLE_IDENTIFIER = "com.jobie.Project14-whack-a-penguin";
				PRODUCT_NAME = "$(TARGET_NAME)";
				SWIFT_EMIT_LOC_STRINGS = YES;
				SWIFT_VERSION = 5.0;
				TARGETED_DEVICE_FAMILY = 2;
			};
			name = Release;
		};
/* End XCBuildConfiguration section */

/* Begin XCConfigurationList section */
		6CC49AE12945D896008E5890 /* Build configuration list for PBXProject "Project14_whack-a-penguin" */ = {
			isa = XCConfigurationList;
			buildConfigurations = (
				6CC49AFB2945D898008E5890 /* Debug */,
				6CC49AFC2945D898008E5890 /* Release */,
			);
			defaultConfigurationIsVisible = 0;
			defaultConfigurationName = Release;
		};
		6CC49AFD2945D898008E5890 /* Build configuration list for PBXNativeTarget "Project14_whack-a-penguin" */ = {
			isa = XCConfigurationList;
			buildConfigurations = (
				6CC49AFE2945D898008E5890 /* Debug */,
				6CC49AFF2945D898008E5890 /* Release */,
			);
			defaultConfigurationIsVisible = 0;
			defaultConfigurationName = Release;
		};
/* End XCConfigurationList section */
	};
	rootObject = 6CC49ADE2945D896008E5890 /* Project object */;
}
