// !$*UTF8*$!
{
	archiveVersion = 1;
	classes = {
	};
	objectVersion = 56;
	objects = {

/* Begin PBXBuildFile section */
		6CB11ED129E3E5DA0020DB93 /* AppDelegate.swift in Sources */ = {isa = PBXBuildFile; fileRef = 6CB11ED029E3E5DA0020DB93 /* AppDelegate.swift */; };
		6CB11ED329E3E5DA0020DB93 /* SceneDelegate.swift in Sources */ = {isa = PBXBuildFile; fileRef = 6CB11ED229E3E5DA0020DB93 /* SceneDelegate.swift */; };
		6CB11ED529E3E5DA0020DB93 /* ViewController.swift in Sources */ = {isa = PBXBuildFile; fileRef = 6CB11ED429E3E5DA0020DB93 /* ViewController.swift */; };
		6CB11ED829E3E5DA0020DB93 /* Main.storyboard in Resources */ = {isa = PBXBuildFile; fileRef = 6CB11ED629E3E5DA0020DB93 /* Main.storyboard */; };
		6CB11EDA29E3E5DC0020DB93 /* Assets.xcassets in Resources */ = {isa = PBXBuildFile; fileRef = 6CB11ED929E3E5DC0020DB93 /* Assets.xcassets */; };
		6CB11EDD29E3E5DC0020DB93 /* LaunchScreen.storyboard in Resources */ = {isa = PBXBuildFile; fileRef = 6CB11EDB29E3E5DC0020DB93 /* LaunchScreen.storyboard */; };
		6CB11EE529E3F5E40020DB93 /* KeychainWrapper.swift in Sources */ = {isa = PBXBuildFile; fileRef = 6CB11EE429E3F5E40020DB93 /* KeychainWrapper.swift */; };
		6CB11EE729E3F5E90020DB93 /* KeychainItemAccessibility.swift in Sources */ = {isa = PBXBuildFile; fileRef = 6CB11EE629E3F5E90020DB93 /* KeychainItemAccessibility.swift */; };
/* End PBXBuildFile section */

/* Begin PBXFileReference section */
		6CB11ECD29E3E5DA0020DB93 /* Project28_SecurityFaceID.app */ = {isa = PBXFileReference; explicitFileType = wrapper.application; includeInIndex = 0; path = Project28_SecurityFaceID.app; sourceTree = BUILT_PRODUCTS_DIR; };
		6CB11ED029E3E5DA0020DB93 /* AppDelegate.swift */ = {isa = PBXFileReference; lastKnownFileType = sourcecode.swift; path = AppDelegate.swift; sourceTree = "<group>"; };
		6CB11ED229E3E5DA0020DB93 /* SceneDelegate.swift */ = {isa = PBXFileReference; lastKnownFileType = sourcecode.swift; path = SceneDelegate.swift; sourceTree = "<group>"; };
		6CB11ED429E3E5DA0020DB93 /* ViewController.swift */ = {isa = PBXFileReference; lastKnownFileType = sourcecode.swift; path = ViewController.swift; sourceTree = "<group>"; };
		6CB11ED729E3E5DA0020DB93 /* Base */ = {isa = PBXFileReference; lastKnownFileType = file.storyboard; name = Base; path = Base.lproj/Main.storyboard; sourceTree = "<group>"; };
		6CB11ED929E3E5DC0020DB93 /* Assets.xcassets */ = {isa = PBXFileReference; lastKnownFileType = folder.assetcatalog; path = Assets.xcassets; sourceTree = "<group>"; };
		6CB11EDC29E3E5DC0020DB93 /* Base */ = {isa = PBXFileReference; lastKnownFileType = file.storyboard; name = Base; path = Base.lproj/LaunchScreen.storyboard; sourceTree = "<group>"; };
		6CB11EDE29E3E5DC0020DB93 /* Info.plist */ = {isa = PBXFileReference; lastKnownFileType = text.plist.xml; path = Info.plist; sourceTree = "<group>"; };
		6CB11EE429E3F5E40020DB93 /* KeychainWrapper.swift */ = {isa = PBXFileReference; fileEncoding = 4; lastKnownFileType = sourcecode.swift; path = KeychainWrapper.swift; sourceTree = "<group>"; };
		6CB11EE629E3F5E90020DB93 /* KeychainItemAccessibility.swift */ = {isa = PBXFileReference; fileEncoding = 4; lastKnownFileType = sourcecode.swift; path = KeychainItemAccessibility.swift; sourceTree = "<group>"; };
/* End PBXFileReference section */

/* Begin PBXFrameworksBuildPhase section */
		6CB11ECA29E3E5DA0020DB93 /* Frameworks */ = {
			isa = PBXFrameworksBuildPhase;
			buildActionMask = 2147483647;
			files = (
			);
			runOnlyForDeploymentPostprocessing = 0;
		};
/* End PBXFrameworksBuildPhase section */

/* Begin PBXGroup section */
		6CB11EC429E3E5DA0020DB93 = {
			isa = PBXGroup;
			children = (
				6CB11ECF29E3E5DA0020DB93 /* Project28_SecurityFaceID */,
				6CB11ECE29E3E5DA0020DB93 /* Products */,
			);
			sourceTree = "<group>";
		};
		6CB11ECE29E3E5DA0020DB93 /* Products */ = {
			isa = PBXGroup;
			children = (
				6CB11ECD29E3E5DA0020DB93 /* Project28_SecurityFaceID.app */,
			);
			name = Products;
			sourceTree = "<group>";
		};
		6CB11ECF29E3E5DA0020DB93 /* Project28_SecurityFaceID */ = {
			isa = PBXGroup;
			children = (
				6CB11ED029E3E5DA0020DB93 /* AppDelegate.swift */,
				6CB11ED229E3E5DA0020DB93 /* SceneDelegate.swift */,
				6CB11ED429E3E5DA0020DB93 /* ViewController.swift */,
				6CB11ED629E3E5DA0020DB93 /* Main.storyboard */,
				6CB11ED929E3E5DC0020DB93 /* Assets.xcassets */,
				6CB11EDB29E3E5DC0020DB93 /* LaunchScreen.storyboard */,
				6CB11EDE29E3E5DC0020DB93 /* Info.plist */,
				6CB11EE429E3F5E40020DB93 /* KeychainWrapper.swift */,
				6CB11EE629E3F5E90020DB93 /* KeychainItemAccessibility.swift */,
			);
			path = Project28_SecurityFaceID;
			sourceTree = "<group>";
		};
/* End PBXGroup section */

/* Begin PBXNativeTarget section */
		6CB11ECC29E3E5DA0020DB93 /* Project28_SecurityFaceID */ = {
			isa = PBXNativeTarget;
			buildConfigurationList = 6CB11EE129E3E5DC0020DB93 /* Build configuration list for PBXNativeTarget "Project28_SecurityFaceID" */;
			buildPhases = (
				6CB11EC929E3E5DA0020DB93 /* Sources */,
				6CB11ECA29E3E5DA0020DB93 /* Frameworks */,
				6CB11ECB29E3E5DA0020DB93 /* Resources */,
			);
			buildRules = (
			);
			dependencies = (
			);
			name = Project28_SecurityFaceID;
			productName = Project28_SecurityFaceID;
			productReference = 6CB11ECD29E3E5DA0020DB93 /* Project28_SecurityFaceID.app */;
			productType = "com.apple.product-type.application";
		};
/* End PBXNativeTarget section */

/* Begin PBXProject section */
		6CB11EC529E3E5DA0020DB93 /* Project object */ = {
			isa = PBXProject;
			attributes = {
				BuildIndependentTargetsInParallel = 1;
				LastSwiftUpdateCheck = 1430;
				LastUpgradeCheck = 1430;
				TargetAttributes = {
					6CB11ECC29E3E5DA0020DB93 = {
						CreatedOnToolsVersion = 14.3;
					};
				};
			};
			buildConfigurationList = 6CB11EC829E3E5DA0020DB93 /* Build configuration list for PBXProject "Project28_SecurityFaceID" */;
			compatibilityVersion = "Xcode 14.0";
			developmentRegion = en;
			hasScannedForEncodings = 0;
			knownRegions = (
				en,
				Base,
			);
			mainGroup = 6CB11EC429E3E5DA0020DB93;
			productRefGroup = 6CB11ECE29E3E5DA0020DB93 /* Products */;
			projectDirPath = "";
			projectRoot = "";
			targets = (
				6CB11ECC29E3E5DA0020DB93 /* Project28_SecurityFaceID */,
			);
		};
/* End PBXProject section */

/* Begin PBXResourcesBuildPhase section */
		6CB11ECB29E3E5DA0020DB93 /* Resources */ = {
			isa = PBXResourcesBuildPhase;
			buildActionMask = 2147483647;
			files = (
				6CB11EDD29E3E5DC0020DB93 /* LaunchScreen.storyboard in Resources */,
				6CB11EDA29E3E5DC0020DB93 /* Assets.xcassets in Resources */,
				6CB11ED829E3E5DA0020DB93 /* Main.storyboard in Resources */,
			);
			runOnlyForDeploymentPostprocessing = 0;
		};
/* End PBXResourcesBuildPhase section */

/* Begin PBXSourcesBuildPhase section */
		6CB11EC929E3E5DA0020DB93 /* Sources */ = {
			isa = PBXSourcesBuildPhase;
			buildActionMask = 2147483647;
			files = (
				6CB11ED529E3E5DA0020DB93 /* ViewController.swift in Sources */,
				6CB11EE529E3F5E40020DB93 /* KeychainWrapper.swift in Sources */,
				6CB11ED129E3E5DA0020DB93 /* AppDelegate.swift in Sources */,
				6CB11EE729E3F5E90020DB93 /* KeychainItemAccessibility.swift in Sources */,
				6CB11ED329E3E5DA0020DB93 /* SceneDelegate.swift in Sources */,
			);
			runOnlyForDeploymentPostprocessing = 0;
		};
/* End PBXSourcesBuildPhase section */

/* Begin PBXVariantGroup section */
		6CB11ED629E3E5DA0020DB93 /* Main.storyboard */ = {
			isa = PBXVariantGroup;
			children = (
				6CB11ED729E3E5DA0020DB93 /* Base */,
			);
			name = Main.storyboard;
			sourceTree = "<group>";
		};
		6CB11EDB29E3E5DC0020DB93 /* LaunchScreen.storyboard */ = {
			isa = PBXVariantGroup;
			children = (
				6CB11EDC29E3E5DC0020DB93 /* Base */,
			);
			name = LaunchScreen.storyboard;
			sourceTree = "<group>";
		};
/* End PBXVariantGroup section */

/* Begin XCBuildConfiguration section */
		6CB11EDF29E3E5DC0020DB93 /* Debug */ = {
			isa = XCBuildConfiguration;
			buildSettings = {
				ALWAYS_SEARCH_USER_PATHS = NO;
				CLANG_ANALYZER_NONNULL = YES;
				CLANG_ANALYZER_NUMBER_OBJECT_CONVERSION = YES_AGGRESSIVE;
				CLANG_CXX_LANGUAGE_STANDARD = "gnu++20";
				CLANG_ENABLE_MODULES = YES;
				CLANG_ENABLE_OBJC_ARC = YES;
				CLANG_ENABLE_OBJC_WEAK = YES;
				CLANG_WARN_BLOCK_CAPTURE_AUTORELEASING = YES;
				CLANG_WARN_BOOL_CONVERSION = YES;
				CLANG_WARN_COMMA = YES;
				CLANG_WARN_CONSTANT_CONVERSION = YES;
				CLANG_WARN_DEPRECATED_OBJC_IMPLEMENTATIONS = YES;
				CLANG_WARN_DIRECT_OBJC_ISA_USAGE = YES_ERROR;
				CLANG_WARN_DOCUMENTATION_COMMENTS = YES;
				CLANG_WARN_EMPTY_BODY = YES;
				CLANG_WARN_ENUM_CONVERSION = YES;
				CLANG_WARN_INFINITE_RECURSION = YES;
				CLANG_WARN_INT_CONVERSION = YES;
				CLANG_WARN_NON_LITERAL_NULL_CONVERSION = YES;
				CLANG_WARN_OBJC_IMPLICIT_RETAIN_SELF = YES;
				CLANG_WARN_OBJC_LITERAL_CONVERSION = YES;
				CLANG_WARN_OBJC_ROOT_CLASS = YES_ERROR;
				CLANG_WARN_QUOTED_INCLUDE_IN_FRAMEWORK_HEADER = YES;
				CLANG_WARN_RANGE_LOOP_ANALYSIS = YES;
				CLANG_WARN_STRICT_PROTOTYPES = YES;
				CLANG_WARN_SUSPICIOUS_MOVE = YES;
				CLANG_WARN_UNGUARDED_AVAILABILITY = YES_AGGRESSIVE;
				CLANG_WARN_UNREACHABLE_CODE = YES;
				CLANG_WARN__DUPLICATE_METHOD_MATCH = YES;
				COPY_PHASE_STRIP = NO;
				DEBUG_INFORMATION_FORMAT = dwarf;
				ENABLE_STRICT_OBJC_MSGSEND = YES;
				ENABLE_TESTABILITY = YES;
				GCC_C_LANGUAGE_STANDARD = gnu11;
				GCC_DYNAMIC_NO_PIC = NO;
				GCC_NO_COMMON_BLOCKS = YES;
				GCC_OPTIMIZATION_LEVEL = 0;
				GCC_PREPROCESSOR_DEFINITIONS = (
					"DEBUG=1",
					"$(inherited)",
				);
				GCC_WARN_64_TO_32_BIT_CONVERSION = YES;
				GCC_WARN_ABOUT_RETURN_TYPE = YES_ERROR;
				GCC_WARN_UNDECLARED_SELECTOR = YES;
				GCC_WARN_UNINITIALIZED_AUTOS = YES_AGGRESSIVE;
				GCC_WARN_UNUSED_FUNCTION = YES;
				GCC_WARN_UNUSED_VARIABLE = YES;
				IPHONEOS_DEPLOYMENT_TARGET = 16.4;
				MTL_ENABLE_DEBUG_INFO = INCLUDE_SOURCE;
				MTL_FAST_MATH = YES;
				ONLY_ACTIVE_ARCH = YES;
				SDKROOT = iphoneos;
				SWIFT_ACTIVE_COMPILATION_CONDITIONS = DEBUG;
				SWIFT_OPTIMIZATION_LEVEL = "-Onone";
			};
			name = Debug;
		};
		6CB11EE029E3E5DC0020DB93 /* Release */ = {
			isa = XCBuildConfiguration;
			buildSettings = {
				ALWAYS_SEARCH_USER_PATHS = NO;
				CLANG_ANALYZER_NONNULL = YES;
				CLANG_ANALYZER_NUMBER_OBJECT_CONVERSION = YES_AGGRESSIVE;
				CLANG_CXX_LANGUAGE_STANDARD = "gnu++20";
				CLANG_ENABLE_MODULES = YES;
				CLANG_ENABLE_OBJC_ARC = YES;
				CLANG_ENABLE_OBJC_WEAK = YES;
				CLANG_WARN_BLOCK_CAPTURE_AUTORELEASING = YES;
				CLANG_WARN_BOOL_CONVERSION = YES;
				CLANG_WARN_COMMA = YES;
				CLANG_WARN_CONSTANT_CONVERSION = YES;
				CLANG_WARN_DEPRECATED_OBJC_IMPLEMENTATIONS = YES;
				CLANG_WARN_DIRECT_OBJC_ISA_USAGE = YES_ERROR;
				CLANG_WARN_DOCUMENTATION_COMMENTS = YES;
				CLANG_WARN_EMPTY_BODY = YES;
				CLANG_WARN_ENUM_CONVERSION = YES;
				CLANG_WARN_INFINITE_RECURSION = YES;
				CLANG_WARN_INT_CONVERSION = YES;
				CLANG_WARN_NON_LITERAL_NULL_CONVERSION = YES;
				CLANG_WARN_OBJC_IMPLICIT_RETAIN_SELF = YES;
				CLANG_WARN_OBJC_LITERAL_CONVERSION = YES;
				CLANG_WARN_OBJC_ROOT_CLASS = YES_ERROR;
				CLANG_WARN_QUOTED_INCLUDE_IN_FRAMEWORK_HEADER = YES;
				CLANG_WARN_RANGE_LOOP_ANALYSIS = YES;
				CLANG_WARN_STRICT_PROTOTYPES = YES;
				CLANG_WARN_SUSPICIOUS_MOVE = YES;
				CLANG_WARN_UNGUARDED_AVAILABILITY = YES_AGGRESSIVE;
				CLANG_WARN_UNREACHABLE_CODE = YES;
				CLANG_WARN__DUPLICATE_METHOD_MATCH = YES;
				COPY_PHASE_STRIP = NO;
				DEBUG_INFORMATION_FORMAT = "dwarf-with-dsym";
				ENABLE_NS_ASSERTIONS = NO;
				ENABLE_STRICT_OBJC_MSGSEND = YES;
				GCC_C_LANGUAGE_STANDARD = gnu11;
				GCC_NO_COMMON_BLOCKS = YES;
				GCC_WARN_64_TO_32_BIT_CONVERSION = YES;
				GCC_WARN_ABOUT_RETURN_TYPE = YES_ERROR;
				GCC_WARN_UNDECLARED_SELECTOR = YES;
				GCC_WARN_UNINITIALIZED_AUTOS = YES_AGGRESSIVE;
				GCC_WARN_UNUSED_FUNCTION = YES;
				GCC_WARN_UNUSED_VARIABLE = YES;
				IPHONEOS_DEPLOYMENT_TARGET = 16.4;
				MTL_ENABLE_DEBUG_INFO = NO;
				MTL_FAST_MATH = YES;
				SDKROOT = iphoneos;
				SWIFT_COMPILATION_MODE = wholemodule;
				SWIFT_OPTIMIZATION_LEVEL = "-O";
				VALIDATE_PRODUCT = YES;
			};
			name = Release;
		};
		6CB11EE229E3E5DC0020DB93 /* Debug */ = {
			isa = XCBuildConfiguration;
			buildSettings = {
				ASSETCATALOG_COMPILER_APPICON_NAME = AppIcon;
				ASSETCATALOG_COMPILER_GLOBAL_ACCENT_COLOR_NAME = AccentColor;
				CODE_SIGN_STYLE = Automatic;
				CURRENT_PROJECT_VERSION = 1;
				DEVELOPMENT_TEAM = S9R6HFZ747;
				GENERATE_INFOPLIST_FILE = YES;
				INFOPLIST_FILE = Project28_SecurityFaceID/Info.plist;
				INFOPLIST_KEY_UIApplicationSupportsIndirectInputEvents = YES;
				INFOPLIST_KEY_UILaunchStoryboardName = LaunchScreen;
				INFOPLIST_KEY_UIMainStoryboardFile = Main;
				INFOPLIST_KEY_UISupportedInterfaceOrientations_iPad = "UIInterfaceOrientationPortrait UIInterfaceOrientationPortraitUpsideDown UIInterfaceOrientationLandscapeLeft UIInterfaceOrientationLandscapeRight";
				INFOPLIST_KEY_UISupportedInterfaceOrientations_iPhone = "UIInterfaceOrientationPortrait UIInterfaceOrientationLandscapeLeft UIInterfaceOrientationLandscapeRight";
				LD_RUNPATH_SEARCH_PATHS = (
					"$(inherited)",
					"@executable_path/Frameworks",
				);
				MARKETING_VERSION = 1.0;
				PRODUCT_BUNDLE_IDENTIFIER = "com.jobie.Project28-SecurityFaceID";
				PRODUCT_NAME = "$(TARGET_NAME)";
				SWIFT_EMIT_LOC_STRINGS = YES;
				SWIFT_VERSION = 5.0;
				TARGETED_DEVICE_FAMILY = "1,2";
			};
			name = Debug;
		};
		6CB11EE329E3E5DC0020DB93 /* Release */ = {
			isa = XCBuildConfiguration;
			buildSettings = {
				ASSETCATALOG_COMPILER_APPICON_NAME = AppIcon;
				ASSETCATALOG_COMPILER_GLOBAL_ACCENT_COLOR_NAME = AccentColor;
				CODE_SIGN_STYLE = Automatic;
				CURRENT_PROJECT_VERSION = 1;
				DEVELOPMENT_TEAM = S9R6HFZ747;
				GENERATE_INFOPLIST_FILE = YES;
				INFOPLIST_FILE = Project28_SecurityFaceID/Info.plist;
				INFOPLIST_KEY_UIApplicationSupportsIndirectInputEvents = YES;
				INFOPLIST_KEY_UILaunchStoryboardName = LaunchScreen;
				INFOPLIST_KEY_UIMainStoryboardFile = Main;
				INFOPLIST_KEY_UISupportedInterfaceOrientations_iPad = "UIInterfaceOrientationPortrait UIInterfaceOrientationPortraitUpsideDown UIInterfaceOrientationLandscapeLeft UIInterfaceOrientationLandscapeRight";
				INFOPLIST_KEY_UISupportedInterfaceOrientations_iPhone = "UIInterfaceOrientationPortrait UIInterfaceOrientationLandscapeLeft UIInterfaceOrientationLandscapeRight";
				LD_RUNPATH_SEARCH_PATHS = (
					"$(inherited)",
					"@executable_path/Frameworks",
				);
				MARKETING_VERSION = 1.0;
				PRODUCT_BUNDLE_IDENTIFIER = "com.jobie.Project28-SecurityFaceID";
				PRODUCT_NAME = "$(TARGET_NAME)";
				SWIFT_EMIT_LOC_STRINGS = YES;
				SWIFT_VERSION = 5.0;
				TARGETED_DEVICE_FAMILY = "1,2";
			};
			name = Release;
		};
/* End XCBuildConfiguration section */

/* Begin XCConfigurationList section */
		6CB11EC829E3E5DA0020DB93 /* Build configuration list for PBXProject "Project28_SecurityFaceID" */ = {
			isa = XCConfigurationList;
			buildConfigurations = (
				6CB11EDF29E3E5DC0020DB93 /* Debug */,
				6CB11EE029E3E5DC0020DB93 /* Release */,
			);
			defaultConfigurationIsVisible = 0;
			defaultConfigurationName = Release;
		};
		6CB11EE129E3E5DC0020DB93 /* Build configuration list for PBXNativeTarget "Project28_SecurityFaceID" */ = {
			isa = XCConfigurationList;
			buildConfigurations = (
				6CB11EE229E3E5DC0020DB93 /* Debug */,
				6CB11EE329E3E5DC0020DB93 /* Release */,
			);
			defaultConfigurationIsVisible = 0;
			defaultConfigurationName = Release;
		};
/* End XCConfigurationList section */
	};
	rootObject = 6CB11EC529E3E5DA0020DB93 /* Project object */;
}
