// !$*UTF8*$!
{
	archiveVersion = 1;
	classes = {
	};
	objectVersion = 56;
	objects = {

/* Begin PBXBuildFile section */
		6C6C36E0294C4B9A00A99F51 /* AppDelegate.swift in Sources */ = {isa = PBXBuildFile; fileRef = 6C6C36DF294C4B9A00A99F51 /* AppDelegate.swift */; };
		6C6C36E2294C4B9A00A99F51 /* SceneDelegate.swift in Sources */ = {isa = PBXBuildFile; fileRef = 6C6C36E1294C4B9A00A99F51 /* SceneDelegate.swift */; };
		6C6C36E4294C4B9A00A99F51 /* ViewController.swift in Sources */ = {isa = PBXBuildFile; fileRef = 6C6C36E3294C4B9A00A99F51 /* ViewController.swift */; };
		6C6C36E7294C4B9A00A99F51 /* Main.storyboard in Resources */ = {isa = PBXBuildFile; fileRef = 6C6C36E5294C4B9A00A99F51 /* Main.storyboard */; };
		6C6C36E9294C4B9B00A99F51 /* Assets.xcassets in Resources */ = {isa = PBXBuildFile; fileRef = 6C6C36E8294C4B9B00A99F51 /* Assets.xcassets */; };
		6C6C36EC294C4B9B00A99F51 /* LaunchScreen.storyboard in Resources */ = {isa = PBXBuildFile; fileRef = 6C6C36EA294C4B9B00A99F51 /* LaunchScreen.storyboard */; };
		6C6C36F4294C507500A99F51 /* Capital.swift in Sources */ = {isa = PBXBuildFile; fileRef = 6C6C36F3294C507500A99F51 /* Capital.swift */; };
		6C6C36F8294C7AD300A99F51 /* CapitalWebViewController.swift in Sources */ = {isa = PBXBuildFile; fileRef = 6C6C36F7294C7AD300A99F51 /* CapitalWebViewController.swift */; };
		6C6C36FD294CA7FB00A99F51 /* Simulator Screen Shot - iPhone 14 Pro - 2022-12-16 at 21.18.27.png in Resources */ = {isa = PBXBuildFile; fileRef = 6C6C36FA294CA7FB00A99F51 /* Simulator Screen Shot - iPhone 14 Pro - 2022-12-16 at 21.18.27.png */; };
		6C6C36FE294CA7FB00A99F51 /* Simulator Screen Shot - iPhone 14 Pro - 2022-12-16 at 21.18.39.png in Resources */ = {isa = PBXBuildFile; fileRef = 6C6C36FB294CA7FB00A99F51 /* Simulator Screen Shot - iPhone 14 Pro - 2022-12-16 at 21.18.39.png */; };
		6C6C36FF294CA7FB00A99F51 /* Simulator Screen Shot - iPhone 14 Pro - 2022-12-16 at 21.18.45.png in Resources */ = {isa = PBXBuildFile; fileRef = 6C6C36FC294CA7FB00A99F51 /* Simulator Screen Shot - iPhone 14 Pro - 2022-12-16 at 21.18.45.png */; };
/* End PBXBuildFile section */

/* Begin PBXFileReference section */
		6C6C36DC294C4B9A00A99F51 /* Project16_mapKit.app */ = {isa = PBXFileReference; explicitFileType = wrapper.application; includeInIndex = 0; path = Project16_mapKit.app; sourceTree = BUILT_PRODUCTS_DIR; };
		6C6C36DF294C4B9A00A99F51 /* AppDelegate.swift */ = {isa = PBXFileReference; lastKnownFileType = sourcecode.swift; path = AppDelegate.swift; sourceTree = "<group>"; };
		6C6C36E1294C4B9A00A99F51 /* SceneDelegate.swift */ = {isa = PBXFileReference; lastKnownFileType = sourcecode.swift; path = SceneDelegate.swift; sourceTree = "<group>"; };
		6C6C36E3294C4B9A00A99F51 /* ViewController.swift */ = {isa = PBXFileReference; lastKnownFileType = sourcecode.swift; path = ViewController.swift; sourceTree = "<group>"; };
		6C6C36E6294C4B9A00A99F51 /* Base */ = {isa = PBXFileReference; lastKnownFileType = file.storyboard; name = Base; path = Base.lproj/Main.storyboard; sourceTree = "<group>"; };
		6C6C36E8294C4B9B00A99F51 /* Assets.xcassets */ = {isa = PBXFileReference; lastKnownFileType = folder.assetcatalog; path = Assets.xcassets; sourceTree = "<group>"; };
		6C6C36EB294C4B9B00A99F51 /* Base */ = {isa = PBXFileReference; lastKnownFileType = file.storyboard; name = Base; path = Base.lproj/LaunchScreen.storyboard; sourceTree = "<group>"; };
		6C6C36ED294C4B9B00A99F51 /* Info.plist */ = {isa = PBXFileReference; lastKnownFileType = text.plist.xml; path = Info.plist; sourceTree = "<group>"; };
		6C6C36F3294C507500A99F51 /* Capital.swift */ = {isa = PBXFileReference; lastKnownFileType = sourcecode.swift; path = Capital.swift; sourceTree = "<group>"; };
		6C6C36F7294C7AD300A99F51 /* CapitalWebViewController.swift */ = {isa = PBXFileReference; lastKnownFileType = sourcecode.swift; path = CapitalWebViewController.swift; sourceTree = "<group>"; };
		6C6C36FA294CA7FB00A99F51 /* Simulator Screen Shot - iPhone 14 Pro - 2022-12-16 at 21.18.27.png */ = {isa = PBXFileReference; lastKnownFileType = image.png; path = "Simulator Screen Shot - iPhone 14 Pro - 2022-12-16 at 21.18.27.png"; sourceTree = "<group>"; };
		6C6C36FB294CA7FB00A99F51 /* Simulator Screen Shot - iPhone 14 Pro - 2022-12-16 at 21.18.39.png */ = {isa = PBXFileReference; lastKnownFileType = image.png; path = "Simulator Screen Shot - iPhone 14 Pro - 2022-12-16 at 21.18.39.png"; sourceTree = "<group>"; };
		6C6C36FC294CA7FB00A99F51 /* Simulator Screen Shot - iPhone 14 Pro - 2022-12-16 at 21.18.45.png */ = {isa = PBXFileReference; lastKnownFileType = image.png; path = "Simulator Screen Shot - iPhone 14 Pro - 2022-12-16 at 21.18.45.png"; sourceTree = "<group>"; };
/* End PBXFileReference section */

/* Begin PBXFrameworksBuildPhase section */
		6C6C36D9294C4B9A00A99F51 /* Frameworks */ = {
			isa = PBXFrameworksBuildPhase;
			buildActionMask = 2147483647;
			files = (
			);
			runOnlyForDeploymentPostprocessing = 0;
		};
/* End PBXFrameworksBuildPhase section */

/* Begin PBXGroup section */
		6C6C36D3294C4B9A00A99F51 = {
			isa = PBXGroup;
			children = (
				6C6C36F9294CA7C100A99F51 /* screenshots */,
				6C6C36DE294C4B9A00A99F51 /* Project16_mapKit */,
				6C6C36DD294C4B9A00A99F51 /* Products */,
			);
			sourceTree = "<group>";
		};
		6C6C36DD294C4B9A00A99F51 /* Products */ = {
			isa = PBXGroup;
			children = (
				6C6C36DC294C4B9A00A99F51 /* Project16_mapKit.app */,
			);
			name = Products;
			sourceTree = "<group>";
		};
		6C6C36DE294C4B9A00A99F51 /* Project16_mapKit */ = {
			isa = PBXGroup;
			children = (
				6C6C36DF294C4B9A00A99F51 /* AppDelegate.swift */,
				6C6C36E1294C4B9A00A99F51 /* SceneDelegate.swift */,
				6C6C36E3294C4B9A00A99F51 /* ViewController.swift */,
				6C6C36F3294C507500A99F51 /* Capital.swift */,
				6C6C36F7294C7AD300A99F51 /* CapitalWebViewController.swift */,
				6C6C36E5294C4B9A00A99F51 /* Main.storyboard */,
				6C6C36E8294C4B9B00A99F51 /* Assets.xcassets */,
				6C6C36EA294C4B9B00A99F51 /* LaunchScreen.storyboard */,
				6C6C36ED294C4B9B00A99F51 /* Info.plist */,
			);
			path = Project16_mapKit;
			sourceTree = "<group>";
		};
		6C6C36F9294CA7C100A99F51 /* screenshots */ = {
			isa = PBXGroup;
			children = (
				6C6C36FA294CA7FB00A99F51 /* Simulator Screen Shot - iPhone 14 Pro - 2022-12-16 at 21.18.27.png */,
				6C6C36FB294CA7FB00A99F51 /* Simulator Screen Shot - iPhone 14 Pro - 2022-12-16 at 21.18.39.png */,
				6C6C36FC294CA7FB00A99F51 /* Simulator Screen Shot - iPhone 14 Pro - 2022-12-16 at 21.18.45.png */,
			);
			path = screenshots;
			sourceTree = "<group>";
		};
/* End PBXGroup section */

/* Begin PBXNativeTarget section */
		6C6C36DB294C4B9A00A99F51 /* Project16_mapKit */ = {
			isa = PBXNativeTarget;
			buildConfigurationList = 6C6C36F0294C4B9B00A99F51 /* Build configuration list for PBXNativeTarget "Project16_mapKit" */;
			buildPhases = (
				6C6C36D8294C4B9A00A99F51 /* Sources */,
				6C6C36D9294C4B9A00A99F51 /* Frameworks */,
				6C6C36DA294C4B9A00A99F51 /* Resources */,
			);
			buildRules = (
			);
			dependencies = (
			);
			name = Project16_mapKit;
			productName = Project16_mapKit;
			productReference = 6C6C36DC294C4B9A00A99F51 /* Project16_mapKit.app */;
			productType = "com.apple.product-type.application";
		};
/* End PBXNativeTarget section */

/* Begin PBXProject section */
		6C6C36D4294C4B9A00A99F51 /* Project object */ = {
			isa = PBXProject;
			attributes = {
				BuildIndependentTargetsInParallel = 1;
				LastSwiftUpdateCheck = 1420;
				LastUpgradeCheck = 1420;
				TargetAttributes = {
					6C6C36DB294C4B9A00A99F51 = {
						CreatedOnToolsVersion = 14.2;
					};
				};
			};
			buildConfigurationList = 6C6C36D7294C4B9A00A99F51 /* Build configuration list for PBXProject "Project16_mapKit" */;
			compatibilityVersion = "Xcode 14.0";
			developmentRegion = en;
			hasScannedForEncodings = 0;
			knownRegions = (
				en,
				Base,
			);
			mainGroup = 6C6C36D3294C4B9A00A99F51;
			productRefGroup = 6C6C36DD294C4B9A00A99F51 /* Products */;
			projectDirPath = "";
			projectRoot = "";
			targets = (
				6C6C36DB294C4B9A00A99F51 /* Project16_mapKit */,
			);
		};
/* End PBXProject section */

/* Begin PBXResourcesBuildPhase section */
		6C6C36DA294C4B9A00A99F51 /* Resources */ = {
			isa = PBXResourcesBuildPhase;
			buildActionMask = 2147483647;
			files = (
				6C6C36EC294C4B9B00A99F51 /* LaunchScreen.storyboard in Resources */,
				6C6C36FE294CA7FB00A99F51 /* Simulator Screen Shot - iPhone 14 Pro - 2022-12-16 at 21.18.39.png in Resources */,
				6C6C36FF294CA7FB00A99F51 /* Simulator Screen Shot - iPhone 14 Pro - 2022-12-16 at 21.18.45.png in Resources */,
				6C6C36E9294C4B9B00A99F51 /* Assets.xcassets in Resources */,
				6C6C36FD294CA7FB00A99F51 /* Simulator Screen Shot - iPhone 14 Pro - 2022-12-16 at 21.18.27.png in Resources */,
				6C6C36E7294C4B9A00A99F51 /* Main.storyboard in Resources */,
			);
			runOnlyForDeploymentPostprocessing = 0;
		};
/* End PBXResourcesBuildPhase section */

/* Begin PBXSourcesBuildPhase section */
		6C6C36D8294C4B9A00A99F51 /* Sources */ = {
			isa = PBXSourcesBuildPhase;
			buildActionMask = 2147483647;
			files = (
				6C6C36E4294C4B9A00A99F51 /* ViewController.swift in Sources */,
				6C6C36E0294C4B9A00A99F51 /* AppDelegate.swift in Sources */,
				6C6C36F4294C507500A99F51 /* Capital.swift in Sources */,
				6C6C36F8294C7AD300A99F51 /* CapitalWebViewController.swift in Sources */,
				6C6C36E2294C4B9A00A99F51 /* SceneDelegate.swift in Sources */,
			);
			runOnlyForDeploymentPostprocessing = 0;
		};
/* End PBXSourcesBuildPhase section */

/* Begin PBXVariantGroup section */
		6C6C36E5294C4B9A00A99F51 /* Main.storyboard */ = {
			isa = PBXVariantGroup;
			children = (
				6C6C36E6294C4B9A00A99F51 /* Base */,
			);
			name = Main.storyboard;
			sourceTree = "<group>";
		};
		6C6C36EA294C4B9B00A99F51 /* LaunchScreen.storyboard */ = {
			isa = PBXVariantGroup;
			children = (
				6C6C36EB294C4B9B00A99F51 /* Base */,
			);
			name = LaunchScreen.storyboard;
			sourceTree = "<group>";
		};
/* End PBXVariantGroup section */

/* Begin XCBuildConfiguration section */
		6C6C36EE294C4B9B00A99F51 /* Debug */ = {
			isa = XCBuildConfiguration;
			buildSettings = {
				ALWAYS_SEARCH_USER_PATHS = NO;
				CLANG_ANALYZER_NONNULL = YES;
				CLANG_ANALYZER_NUMBER_OBJECT_CONVERSION = YES_AGGRESSIVE;
				CLANG_CXX_LANGUAGE_STANDARD = "gnu++20";
				CLANG_ENABLE_MODULES = YES;
				CLANG_ENABLE_OBJC_ARC = YES;
				CLANG_ENABLE_OBJC_WEAK = YES;
				CLANG_WARN_BLOCK_CAPTURE_AUTORELEASING = YES;
				CLANG_WARN_BOOL_CONVERSION = YES;
				CLANG_WARN_COMMA = YES;
				CLANG_WARN_CONSTANT_CONVERSION = YES;
				CLANG_WARN_DEPRECATED_OBJC_IMPLEMENTATIONS = YES;
				CLANG_WARN_DIRECT_OBJC_ISA_USAGE = YES_ERROR;
				CLANG_WARN_DOCUMENTATION_COMMENTS = YES;
				CLANG_WARN_EMPTY_BODY = YES;
				CLANG_WARN_ENUM_CONVERSION = YES;
				CLANG_WARN_INFINITE_RECURSION = YES;
				CLANG_WARN_INT_CONVERSION = YES;
				CLANG_WARN_NON_LITERAL_NULL_CONVERSION = YES;
				CLANG_WARN_OBJC_IMPLICIT_RETAIN_SELF = YES;
				CLANG_WARN_OBJC_LITERAL_CONVERSION = YES;
				CLANG_WARN_OBJC_ROOT_CLASS = YES_ERROR;
				CLANG_WARN_QUOTED_INCLUDE_IN_FRAMEWORK_HEADER = YES;
				CLANG_WARN_RANGE_LOOP_ANALYSIS = YES;
				CLANG_WARN_STRICT_PROTOTYPES = YES;
				CLANG_WARN_SUSPICIOUS_MOVE = YES;
				CLANG_WARN_UNGUARDED_AVAILABILITY = YES_AGGRESSIVE;
				CLANG_WARN_UNREACHABLE_CODE = YES;
				CLANG_WARN__DUPLICATE_METHOD_MATCH = YES;
				COPY_PHASE_STRIP = NO;
				DEBUG_INFORMATION_FORMAT = dwarf;
				ENABLE_STRICT_OBJC_MSGSEND = YES;
				ENABLE_TESTABILITY = YES;
				GCC_C_LANGUAGE_STANDARD = gnu11;
				GCC_DYNAMIC_NO_PIC = NO;
				GCC_NO_COMMON_BLOCKS = YES;
				GCC_OPTIMIZATION_LEVEL = 0;
				GCC_PREPROCESSOR_DEFINITIONS = (
					"DEBUG=1",
					"$(inherited)",
				);
				GCC_WARN_64_TO_32_BIT_CONVERSION = YES;
				GCC_WARN_ABOUT_RETURN_TYPE = YES_ERROR;
				GCC_WARN_UNDECLARED_SELECTOR = YES;
				GCC_WARN_UNINITIALIZED_AUTOS = YES_AGGRESSIVE;
				GCC_WARN_UNUSED_FUNCTION = YES;
				GCC_WARN_UNUSED_VARIABLE = YES;
				IPHONEOS_DEPLOYMENT_TARGET = 16.2;
				MTL_ENABLE_DEBUG_INFO = INCLUDE_SOURCE;
				MTL_FAST_MATH = YES;
				ONLY_ACTIVE_ARCH = YES;
				SDKROOT = iphoneos;
				SWIFT_ACTIVE_COMPILATION_CONDITIONS = DEBUG;
				SWIFT_OPTIMIZATION_LEVEL = "-Onone";
			};
			name = Debug;
		};
		6C6C36EF294C4B9B00A99F51 /* Release */ = {
			isa = XCBuildConfiguration;
			buildSettings = {
				ALWAYS_SEARCH_USER_PATHS = NO;
				CLANG_ANALYZER_NONNULL = YES;
				CLANG_ANALYZER_NUMBER_OBJECT_CONVERSION = YES_AGGRESSIVE;
				CLANG_CXX_LANGUAGE_STANDARD = "gnu++20";
				CLANG_ENABLE_MODULES = YES;
				CLANG_ENABLE_OBJC_ARC = YES;
				CLANG_ENABLE_OBJC_WEAK = YES;
				CLANG_WARN_BLOCK_CAPTURE_AUTORELEASING = YES;
				CLANG_WARN_BOOL_CONVERSION = YES;
				CLANG_WARN_COMMA = YES;
				CLANG_WARN_CONSTANT_CONVERSION = YES;
				CLANG_WARN_DEPRECATED_OBJC_IMPLEMENTATIONS = YES;
				CLANG_WARN_DIRECT_OBJC_ISA_USAGE = YES_ERROR;
				CLANG_WARN_DOCUMENTATION_COMMENTS = YES;
				CLANG_WARN_EMPTY_BODY = YES;
				CLANG_WARN_ENUM_CONVERSION = YES;
				CLANG_WARN_INFINITE_RECURSION = YES;
				CLANG_WARN_INT_CONVERSION = YES;
				CLANG_WARN_NON_LITERAL_NULL_CONVERSION = YES;
				CLANG_WARN_OBJC_IMPLICIT_RETAIN_SELF = YES;
				CLANG_WARN_OBJC_LITERAL_CONVERSION = YES;
				CLANG_WARN_OBJC_ROOT_CLASS = YES_ERROR;
				CLANG_WARN_QUOTED_INCLUDE_IN_FRAMEWORK_HEADER = YES;
				CLANG_WARN_RANGE_LOOP_ANALYSIS = YES;
				CLANG_WARN_STRICT_PROTOTYPES = YES;
				CLANG_WARN_SUSPICIOUS_MOVE = YES;
				CLANG_WARN_UNGUARDED_AVAILABILITY = YES_AGGRESSIVE;
				CLANG_WARN_UNREACHABLE_CODE = YES;
				CLANG_WARN__DUPLICATE_METHOD_MATCH = YES;
				COPY_PHASE_STRIP = NO;
				DEBUG_INFORMATION_FORMAT = "dwarf-with-dsym";
				ENABLE_NS_ASSERTIONS = NO;
				ENABLE_STRICT_OBJC_MSGSEND = YES;
				GCC_C_LANGUAGE_STANDARD = gnu11;
				GCC_NO_COMMON_BLOCKS = YES;
				GCC_WARN_64_TO_32_BIT_CONVERSION = YES;
				GCC_WARN_ABOUT_RETURN_TYPE = YES_ERROR;
				GCC_WARN_UNDECLARED_SELECTOR = YES;
				GCC_WARN_UNINITIALIZED_AUTOS = YES_AGGRESSIVE;
				GCC_WARN_UNUSED_FUNCTION = YES;
				GCC_WARN_UNUSED_VARIABLE = YES;
				IPHONEOS_DEPLOYMENT_TARGET = 16.2;
				MTL_ENABLE_DEBUG_INFO = NO;
				MTL_FAST_MATH = YES;
				SDKROOT = iphoneos;
				SWIFT_COMPILATION_MODE = wholemodule;
				SWIFT_OPTIMIZATION_LEVEL = "-O";
				VALIDATE_PRODUCT = YES;
			};
			name = Release;
		};
		6C6C36F1294C4B9B00A99F51 /* Debug */ = {
			isa = XCBuildConfiguration;
			buildSettings = {
				ASSETCATALOG_COMPILER_APPICON_NAME = AppIcon;
				ASSETCATALOG_COMPILER_GLOBAL_ACCENT_COLOR_NAME = AccentColor;
				CODE_SIGN_STYLE = Automatic;
				CURRENT_PROJECT_VERSION = 1;
				GENERATE_INFOPLIST_FILE = YES;
				INFOPLIST_FILE = Project16_mapKit/Info.plist;
				INFOPLIST_KEY_UIApplicationSupportsIndirectInputEvents = YES;
				INFOPLIST_KEY_UILaunchStoryboardName = LaunchScreen;
				INFOPLIST_KEY_UIMainStoryboardFile = Main;
				INFOPLIST_KEY_UISupportedInterfaceOrientations_iPad = "UIInterfaceOrientationPortrait UIInterfaceOrientationPortraitUpsideDown UIInterfaceOrientationLandscapeLeft UIInterfaceOrientationLandscapeRight";
				INFOPLIST_KEY_UISupportedInterfaceOrientations_iPhone = "UIInterfaceOrientationPortrait UIInterfaceOrientationLandscapeLeft UIInterfaceOrientationLandscapeRight";
				LD_RUNPATH_SEARCH_PATHS = (
					"$(inherited)",
					"@executable_path/Frameworks",
				);
				MARKETING_VERSION = 1.0;
				PRODUCT_BUNDLE_IDENTIFIER = "com.jobie.Project16-mapKit";
				PRODUCT_NAME = "$(TARGET_NAME)";
				SWIFT_EMIT_LOC_STRINGS = YES;
				SWIFT_VERSION = 5.0;
				TARGETED_DEVICE_FAMILY = "1,2";
			};
			name = Debug;
		};
		6C6C36F2294C4B9B00A99F51 /* Release */ = {
			isa = XCBuildConfiguration;
			buildSettings = {
				ASSETCATALOG_COMPILER_APPICON_NAME = AppIcon;
				ASSETCATALOG_COMPILER_GLOBAL_ACCENT_COLOR_NAME = AccentColor;
				CODE_SIGN_STYLE = Automatic;
				CURRENT_PROJECT_VERSION = 1;
				GENERATE_INFOPLIST_FILE = YES;
				INFOPLIST_FILE = Project16_mapKit/Info.plist;
				INFOPLIST_KEY_UIApplicationSupportsIndirectInputEvents = YES;
				INFOPLIST_KEY_UILaunchStoryboardName = LaunchScreen;
				INFOPLIST_KEY_UIMainStoryboardFile = Main;
				INFOPLIST_KEY_UISupportedInterfaceOrientations_iPad = "UIInterfaceOrientationPortrait UIInterfaceOrientationPortraitUpsideDown UIInterfaceOrientationLandscapeLeft UIInterfaceOrientationLandscapeRight";
				INFOPLIST_KEY_UISupportedInterfaceOrientations_iPhone = "UIInterfaceOrientationPortrait UIInterfaceOrientationLandscapeLeft UIInterfaceOrientationLandscapeRight";
				LD_RUNPATH_SEARCH_PATHS = (
					"$(inherited)",
					"@executable_path/Frameworks",
				);
				MARKETING_VERSION = 1.0;
				PRODUCT_BUNDLE_IDENTIFIER = "com.jobie.Project16-mapKit";
				PRODUCT_NAME = "$(TARGET_NAME)";
				SWIFT_EMIT_LOC_STRINGS = YES;
				SWIFT_VERSION = 5.0;
				TARGETED_DEVICE_FAMILY = "1,2";
			};
			name = Release;
		};
/* End XCBuildConfiguration section */

/* Begin XCConfigurationList section */
		6C6C36D7294C4B9A00A99F51 /* Build configuration list for PBXProject "Project16_mapKit" */ = {
			isa = XCConfigurationList;
			buildConfigurations = (
				6C6C36EE294C4B9B00A99F51 /* Debug */,
				6C6C36EF294C4B9B00A99F51 /* Release */,
			);
			defaultConfigurationIsVisible = 0;
			defaultConfigurationName = Release;
		};
		6C6C36F0294C4B9B00A99F51 /* Build configuration list for PBXNativeTarget "Project16_mapKit" */ = {
			isa = XCConfigurationList;
			buildConfigurations = (
				6C6C36F1294C4B9B00A99F51 /* Debug */,
				6C6C36F2294C4B9B00A99F51 /* Release */,
			);
			defaultConfigurationIsVisible = 0;
			defaultConfigurationName = Release;
		};
/* End XCConfigurationList section */
	};
	rootObject = 6C6C36D4294C4B9A00A99F51 /* Project object */;
}
